
Microsoft Visual Studio Solution File, Format Version 12.00
# Visual Studio 15
VisualStudioVersion = 15.0.28307.438
MinimumVisualStudioVersion = 10.0.40219.1
Project("{FAE04EC0-301F-11D3-BF4B-00C04F79EFBC}") = "ModalDialogBox", "ModalDialogBox\ModalDialogBox.csproj", "{01799761-05DA-4B95-8204-6C7A3078766B}"
EndProject
Global
	GlobalSection(SolutionConfigurationPlatforms) = preSolution
		Debug|Any CPU = Debug|Any CPU
		Release|Any CPU = Release|Any CPU
	EndGlobalSection
	GlobalSection(ProjectConfigurationPlatforms) = postSolution
		{01799761-05DA-4B95-8204-6C7A3078766B}.Debug|Any CPU.ActiveCfg = Debug|Any CPU
		{01799761-05DA-4B95-8204-6C7A3078766B}.Debug|Any CPU.Build.0 = Debug|Any CPU
		{01799761-05DA-4B95-8204-6C7A3078766B}.Release|Any CPU.ActiveCfg = Release|Any CPU
		{01799761-05DA-4B95-8204-6C7A3078766B}.Release|Any CPU.Build.0 = Release|Any CPU
	EndGlobalSection
	GlobalSection(SolutionProperties) = preSolution
		HideSolutionNode = FALSE
	EndGlobalSection
	GlobalSection(ExtensibilityGlobals) = postSolution
		SolutionGuid = {22655241-F14D-46F5-8797-88354D692836}
	EndGlobalSection
EndGlobal
